
Microsoft Visual Studio Solution File, Format Version 12.00
# Visual Studio Version 16
VisualStudioVersion = 16.0.31112.23
MinimumVisualStudioVersion = 10.0.40219.1
Project("{F184B08F-C81C-45F6-A57F-5ABD9991F28F}") = "GROUPE_7-Projet_IHM", "GROUPE_7-Projet_IHM\GROUPE_7-Projet_IHM.vbproj", "{D033CF8F-0AE5-4E3F-B0DD-3F7880A445E1}"
EndProject
Global
	GlobalSection(SolutionConfigurationPlatforms) = preSolution
		Debug|Any CPU = Debug|Any CPU
		Release|Any CPU = Release|Any CPU
	EndGlobalSection
	GlobalSection(ProjectConfigurationPlatforms) = postSolution
		{D033CF8F-0AE5-4E3F-B0DD-3F7880A445E1}.Debug|Any CPU.ActiveCfg = Debug|Any CPU
		{D033CF8F-0AE5-4E3F-B0DD-3F7880A445E1}.Debug|Any CPU.Build.0 = Debug|Any CPU
		{D033CF8F-0AE5-4E3F-B0DD-3F7880A445E1}.Release|Any CPU.ActiveCfg = Release|Any CPU
		{D033CF8F-0AE5-4E3F-B0DD-3F7880A445E1}.Release|Any CPU.Build.0 = Release|Any CPU
	EndGlobalSection
	GlobalSection(SolutionProperties) = preSolution
		HideSolutionNode = FALSE
	EndGlobalSection
	GlobalSection(ExtensibilityGlobals) = postSolution
		SolutionGuid = {DBB05C1C-7EBD-4D59-9DA7-C87FB1C0E25C}
	EndGlobalSection
EndGlobal
